
Microsoft Visual Studio Solution File, Format Version 12.00
# Visual Studio Version 16
VisualStudioVersion = 16.0.30523.141
MinimumVisualStudioVersion = 10.0.40219.1
Project("{FAE04EC0-301F-11D3-BF4B-00C04F79EFBC}") = "HRandSpO2Reader", "HRandSpO2Reader\HRandSpO2Reader.csproj", "{BF530090-A3F3-464A-9A2E-4492B8F51950}"
EndProject
Global
	GlobalSection(SolutionConfigurationPlatforms) = preSolution
		Debug|Any CPU = Debug|Any CPU
		Release|Any CPU = Release|Any CPU
	EndGlobalSection
	GlobalSection(ProjectConfigurationPlatforms) = postSolution
		{BF530090-A3F3-464A-9A2E-4492B8F51950}.Debug|Any CPU.ActiveCfg = Debug|Any CPU
		{BF530090-A3F3-464A-9A2E-4492B8F51950}.Debug|Any CPU.Build.0 = Debug|Any CPU
		{BF530090-A3F3-464A-9A2E-4492B8F51950}.Release|Any CPU.ActiveCfg = Release|Any CPU
		{BF530090-A3F3-464A-9A2E-4492B8F51950}.Release|Any CPU.Build.0 = Release|Any CPU
	EndGlobalSection
	GlobalSection(SolutionProperties) = preSolution
		HideSolutionNode = FALSE
	EndGlobalSection
	GlobalSection(ExtensibilityGlobals) = postSolution
		SolutionGuid = {980C9136-778D-4B35-9E1A-7D581133AFD5}
	EndGlobalSection
EndGlobal
